
Microsoft Visual Studio Solution File, Format Version 12.00
# Visual Studio 14
VisualStudioVersion = 14.0.24720.0
MinimumVisualStudioVersion = 10.0.40219.1
Project("{FAE04EC0-301F-11D3-BF4B-00C04F79EFBC}") = "RomeoDelta", "RomeoDelta\RomeoDelta.csproj", "{B9DACF9B-6CBD-421B-A53C-AEDA61342B5F}"
EndProject
Project("{FAE04EC0-301F-11D3-BF4B-00C04F79EFBC}") = "RomeoDelta.Test", "RomeoDelta.Test\RomeoDelta.Test.csproj", "{A670EBAD-E4C0-4BAE-AC45-F88BCA7086EA}"
EndProject
Global
	GlobalSection(SolutionConfigurationPlatforms) = preSolution
		Debug|Any CPU = Debug|Any CPU
		Release|Any CPU = Release|Any CPU
	EndGlobalSection
	GlobalSection(ProjectConfigurationPlatforms) = postSolution
		{B9DACF9B-6CBD-421B-A53C-AEDA61342B5F}.Debug|Any CPU.ActiveCfg = Debug|Any CPU
		{B9DACF9B-6CBD-421B-A53C-AEDA61342B5F}.Debug|Any CPU.Build.0 = Debug|Any CPU
		{B9DACF9B-6CBD-421B-A53C-AEDA61342B5F}.Release|Any CPU.ActiveCfg = Release|Any CPU
		{B9DACF9B-6CBD-421B-A53C-AEDA61342B5F}.Release|Any CPU.Build.0 = Release|Any CPU
		{A670EBAD-E4C0-4BAE-AC45-F88BCA7086EA}.Debug|Any CPU.ActiveCfg = Debug|Any CPU
		{A670EBAD-E4C0-4BAE-AC45-F88BCA7086EA}.Debug|Any CPU.Build.0 = Debug|Any CPU
		{A670EBAD-E4C0-4BAE-AC45-F88BCA7086EA}.Release|Any CPU.ActiveCfg = Release|Any CPU
		{A670EBAD-E4C0-4BAE-AC45-F88BCA7086EA}.Release|Any CPU.Build.0 = Release|Any CPU
	EndGlobalSection
	GlobalSection(SolutionProperties) = preSolution
		HideSolutionNode = FALSE
	EndGlobalSection
EndGlobal
